DEPENDENCIES
  apache2
  apt
  berkshelf-api
    path: .
  berkshelf-api_test
    path: test/cookbooks/berkshelf-api_test
  nginx
  poise
    git: git://github.com/poise/poise.git
    revision: 012ceb7dcbb2a3982a172e2019d92d9ef051bd36
    ref: 012ceb7
  poise-ruby
    git: git://github.com/poise/poise-ruby.git
    revision: 9007ad9ce0c566780ac3b989c1c6355bb2161bbc
    ref: 9007ad9

GRAPH
  apache2 (1.8.14)
  apt (2.3.4)
  berkshelf-api (1.2.2)
    build-essential (>= 0.0.0)
    git (>= 0.0.0)
    poise (>= 0.0.0)
    poise-ruby (>= 0.0.0)
    runit (>= 0.0.0)
  berkshelf-api_test (0.0.0)
    berkshelf-api (>= 0.0.0)
  bluepill (2.3.1)
    rsyslog (>= 0.0.0)
  build-essential (1.4.4)
  chef_handler (1.1.6)
  dmg (2.2.0)
  git (4.0.2)
    build-essential (>= 0.0.0)
    dmg (>= 0.0.0)
    runit (>= 1.0.0)
    windows (>= 0.0.0)
    yum (~> 3.0)
    yum-epel (>= 0.0.0)
  nginx (2.2.0)
    apt (~> 2.2)
    bluepill (~> 2.3)
    build-essential (~> 1.4)
    ohai (~> 1.1)
    runit (~> 1.2)
    yum (~> 3.0)
    yum-epel (>= 0.0.0)
  ohai (1.1.12)
  poise (1.0.1)
  poise-ruby (1.0.0)
    apt (>= 0.0.0)
    poise (>= 0.0.0)
    yum (>= 0.0.0)
  rsyslog (1.12.2)
  runit (1.5.10)
    build-essential (>= 0.0.0)
    yum (~> 3.0)
    yum-epel (>= 0.0.0)
  windows (1.34.2)
    chef_handler (>= 0.0.0)
  yum (3.3.2)
  yum-epel (0.5.1)
    yum (~> 3.0)
